
Microsoft Visual Studio Solution File, Format Version 12.00
# Visual Studio Version 16
VisualStudioVersion = 16.0.32602.291
MinimumVisualStudioVersion = 10.0.40219.1
Project("{FAE04EC0-301F-11D3-BF4B-00C04F79EFBC}") = "Battleships", "Battleships.csproj", "{EE8FDE67-96B1-4259-8096-8DE881CD7167}"
EndProject
Global
	GlobalSection(SolutionConfigurationPlatforms) = preSolution
		Debug|Any CPU = Debug|Any CPU
		Release|Any CPU = Release|Any CPU
	EndGlobalSection
	GlobalSection(ProjectConfigurationPlatforms) = postSolution
		{EE8FDE67-96B1-4259-8096-8DE881CD7167}.Debug|Any CPU.ActiveCfg = Debug|Any CPU
		{EE8FDE67-96B1-4259-8096-8DE881CD7167}.Debug|Any CPU.Build.0 = Debug|Any CPU
		{EE8FDE67-96B1-4259-8096-8DE881CD7167}.Release|Any CPU.ActiveCfg = Release|Any CPU
		{EE8FDE67-96B1-4259-8096-8DE881CD7167}.Release|Any CPU.Build.0 = Release|Any CPU
	EndGlobalSection
	GlobalSection(SolutionProperties) = preSolution
		HideSolutionNode = FALSE
	EndGlobalSection
	GlobalSection(ExtensibilityGlobals) = postSolution
		SolutionGuid = {5C5FBEBC-4C83-4705-BA63-56A2002947A6}
	EndGlobalSection
EndGlobal
